
Microsoft Visual Studio Solution File, Format Version 12.00
# Visual Studio Version 17
VisualStudioVersion = 17.11.35208.52
MinimumVisualStudioVersion = 10.0.40219.1
Project("{2150E333-8FDC-42A3-9474-1A3956D46DE8}") = "0 - FIAP.FCG.Presentation", "0 - FIAP.FCG.Presentation", "{EA9E2DA4-6D2D-445E-887A-B2FBAF40686D}"
EndProject
Project("{2150E333-8FDC-42A3-9474-1A3956D46DE8}") = "1 - FIAP.FCG.Application", "1 - FIAP.FCG.Application", "{5F33300F-077E-4805-B70C-492C2A852E59}"
EndProject
Project("{2150E333-8FDC-42A3-9474-1A3956D46DE8}") = "2 - FIAP.FCG.Domain", "2 - FIAP.FCG.Domain", "{C1F5437E-755B-4920-8E73-A22688FB7EAB}"
EndProject
Project("{2150E333-8FDC-42A3-9474-1A3956D46DE8}") = "3 - FIAP.FCG.Infra", "3 - FIAP.FCG.Infra", "{1E879533-AA1B-423C-96AD-5D72DD3E9BF3}"
EndProject
Project("{2150E333-8FDC-42A3-9474-1A3956D46DE8}") = "4 - FIAP.FCG.Crosscutting", "4 - FIAP.FCG.Crosscutting", "{F44B6C5D-AE7D-4AA6-AAAB-18713BD067A5}"
EndProject
Project("{2150E333-8FDC-42A3-9474-1A3956D46DE8}") = "5 - FIAP.FCG.UnitTests", "5 - FIAP.FCG.UnitTests", "{094E02E2-91FD-4B34-A1C6-D086F1F97ECA}"
EndProject
Project("{9A19103F-16F7-4668-BE54-9A1E7A4F7556}") = "FIAP.FCG.Presentation", "FIAP.FCG.Presentation\FIAP.FCG.Presentation.csproj", "{A9357C7A-C4A3-4C53-832F-EF91F08081EB}"
EndProject
Project("{9A19103F-16F7-4668-BE54-9A1E7A4F7556}") = "FIAP.FCG.Application", "FIAP.FCG.Application\FIAP.FCG.Application.csproj", "{B2843006-741E-4C56-A629-19A5FA3152D9}"
EndProject
Project("{9A19103F-16F7-4668-BE54-9A1E7A4F7556}") = "FIAP.FCG.Domain", "FIAP.FCG.Domain\FIAP.FCG.Domain.csproj", "{EE06EF1B-8806-427C-B23E-64854C02CF8D}"
EndProject
Project("{9A19103F-16F7-4668-BE54-9A1E7A4F7556}") = "FIAP.FCG.Domain.Core", "FIAP.FCG.Domain.Core\FIAP.FCG.Domain.Core.csproj", "{C196381A-D40F-4AA8-BEBD-067F2733FB6E}"
EndProject
Project("{9A19103F-16F7-4668-BE54-9A1E7A4F7556}") = "FIAP.FCG.Infra", "FIAP.FCG.Infra\FIAP.FCG.Infra.csproj", "{26C6D0DC-1E93-441B-A511-46D9FA2C2DBA}"
EndProject
Project("{9A19103F-16F7-4668-BE54-9A1E7A4F7556}") = "FIAP.FCG.Crosscutting", "FIAP.FCG.Crosscutting\FIAP.FCG.Crosscutting.csproj", "{0C3AA14D-FD4B-4F75-9FEC-EF6E4699A3A6}"
EndProject
Global
	GlobalSection(SolutionConfigurationPlatforms) = preSolution
		Debug|Any CPU = Debug|Any CPU
		Release|Any CPU = Release|Any CPU
	EndGlobalSection
	GlobalSection(ProjectConfigurationPlatforms) = postSolution
		{A9357C7A-C4A3-4C53-832F-EF91F08081EB}.Debug|Any CPU.ActiveCfg = Debug|Any CPU
		{A9357C7A-C4A3-4C53-832F-EF91F08081EB}.Debug|Any CPU.Build.0 = Debug|Any CPU
		{A9357C7A-C4A3-4C53-832F-EF91F08081EB}.Release|Any CPU.ActiveCfg = Release|Any CPU
		{A9357C7A-C4A3-4C53-832F-EF91F08081EB}.Release|Any CPU.Build.0 = Release|Any CPU
		{B2843006-741E-4C56-A629-19A5FA3152D9}.Debug|Any CPU.ActiveCfg = Debug|Any CPU
		{B2843006-741E-4C56-A629-19A5FA3152D9}.Debug|Any CPU.Build.0 = Debug|Any CPU
		{B2843006-741E-4C56-A629-19A5FA3152D9}.Release|Any CPU.ActiveCfg = Release|Any CPU
		{B2843006-741E-4C56-A629-19A5FA3152D9}.Release|Any CPU.Build.0 = Release|Any CPU
		{EE06EF1B-8806-427C-B23E-64854C02CF8D}.Debug|Any CPU.ActiveCfg = Debug|Any CPU
		{EE06EF1B-8806-427C-B23E-64854C02CF8D}.Debug|Any CPU.Build.0 = Debug|Any CPU
		{EE06EF1B-8806-427C-B23E-64854C02CF8D}.Release|Any CPU.ActiveCfg = Release|Any CPU
		{EE06EF1B-8806-427C-B23E-64854C02CF8D}.Release|Any CPU.Build.0 = Release|Any CPU
		{C196381A-D40F-4AA8-BEBD-067F2733FB6E}.Debug|Any CPU.ActiveCfg = Debug|Any CPU
		{C196381A-D40F-4AA8-BEBD-067F2733FB6E}.Debug|Any CPU.Build.0 = Debug|Any CPU
		{C196381A-D40F-4AA8-BEBD-067F2733FB6E}.Release|Any CPU.ActiveCfg = Release|Any CPU
		{C196381A-D40F-4AA8-BEBD-067F2733FB6E}.Release|Any CPU.Build.0 = Release|Any CPU
		{26C6D0DC-1E93-441B-A511-46D9FA2C2DBA}.Debug|Any CPU.ActiveCfg = Debug|Any CPU
		{26C6D0DC-1E93-441B-A511-46D9FA2C2DBA}.Debug|Any CPU.Build.0 = Debug|Any CPU
		{26C6D0DC-1E93-441B-A511-46D9FA2C2DBA}.Release|Any CPU.ActiveCfg = Release|Any CPU
		{26C6D0DC-1E93-441B-A511-46D9FA2C2DBA}.Release|Any CPU.Build.0 = Release|Any CPU
		{0C3AA14D-FD4B-4F75-9FEC-EF6E4699A3A6}.Debug|Any CPU.ActiveCfg = Debug|Any CPU
		{0C3AA14D-FD4B-4F75-9FEC-EF6E4699A3A6}.Debug|Any CPU.Build.0 = Debug|Any CPU
		{0C3AA14D-FD4B-4F75-9FEC-EF6E4699A3A6}.Release|Any CPU.ActiveCfg = Release|Any CPU
		{0C3AA14D-FD4B-4F75-9FEC-EF6E4699A3A6}.Release|Any CPU.Build.0 = Release|Any CPU
	EndGlobalSection
	GlobalSection(SolutionProperties) = preSolution
		HideSolutionNode = FALSE
	EndGlobalSection
	GlobalSection(NestedProjects) = preSolution
		{A9357C7A-C4A3-4C53-832F-EF91F08081EB} = {EA9E2DA4-6D2D-445E-887A-B2FBAF40686D}
		{B2843006-741E-4C56-A629-19A5FA3152D9} = {5F33300F-077E-4805-B70C-492C2A852E59}
		{EE06EF1B-8806-427C-B23E-64854C02CF8D} = {C1F5437E-755B-4920-8E73-A22688FB7EAB}
		{C196381A-D40F-4AA8-BEBD-067F2733FB6E} = {C1F5437E-755B-4920-8E73-A22688FB7EAB}
		{26C6D0DC-1E93-441B-A511-46D9FA2C2DBA} = {1E879533-AA1B-423C-96AD-5D72DD3E9BF3}
		{0C3AA14D-FD4B-4F75-9FEC-EF6E4699A3A6} = {F44B6C5D-AE7D-4AA6-AAAB-18713BD067A5}
	EndGlobalSection
	GlobalSection(ExtensibilityGlobals) = postSolution
		SolutionGuid = {C8744C13-0154-4DB2-9FB9-624D122D8D08}
	EndGlobalSection
EndGlobal
